
Microsoft Visual Studio Solution File, Format Version 12.00
# Visual Studio Version 17
VisualStudioVersion = 17.2.32516.85
MinimumVisualStudioVersion = 10.0.40219.1
Project("{9A19103F-16F7-4668-BE54-9A1E7A4F7556}") = "API", "API\API.csproj", "{DE0D199D-0785-4C3A-986B-34DF4EF57EA3}"
EndProject
Project("{FAE04EC0-301F-11D3-BF4B-00C04F79EFBC}") = "OcelotApiGateway", "OcelotApiGateway\OcelotApiGateway.csproj", "{DF6CF94C-00C2-4113-B70E-618539373AC7}"
EndProject
Global
	GlobalSection(SolutionConfigurationPlatforms) = preSolution
		Debug|Any CPU = Debug|Any CPU
		Release|Any CPU = Release|Any CPU
	EndGlobalSection
	GlobalSection(ProjectConfigurationPlatforms) = postSolution
		{DE0D199D-0785-4C3A-986B-34DF4EF57EA3}.Debug|Any CPU.ActiveCfg = Debug|Any CPU
		{DE0D199D-0785-4C3A-986B-34DF4EF57EA3}.Debug|Any CPU.Build.0 = Debug|Any CPU
		{DE0D199D-0785-4C3A-986B-34DF4EF57EA3}.Release|Any CPU.ActiveCfg = Release|Any CPU
		{DE0D199D-0785-4C3A-986B-34DF4EF57EA3}.Release|Any CPU.Build.0 = Release|Any CPU
		{DF6CF94C-00C2-4113-B70E-618539373AC7}.Debug|Any CPU.ActiveCfg = Debug|Any CPU
		{DF6CF94C-00C2-4113-B70E-618539373AC7}.Debug|Any CPU.Build.0 = Debug|Any CPU
		{DF6CF94C-00C2-4113-B70E-618539373AC7}.Release|Any CPU.ActiveCfg = Release|Any CPU
		{DF6CF94C-00C2-4113-B70E-618539373AC7}.Release|Any CPU.Build.0 = Release|Any CPU
	EndGlobalSection
	GlobalSection(SolutionProperties) = preSolution
		HideSolutionNode = FALSE
	EndGlobalSection
	GlobalSection(ExtensibilityGlobals) = postSolution
		SolutionGuid = {0E987A20-0460-4515-AC91-94BD71540F93}
	EndGlobalSection
EndGlobal
